# THIS IS AN AUTOGENERATED FILE. DO NOT EDIT THIS FILE DIRECTLY.
# yarn lockfile v1


almond@~0.3.1:
  version "0.3.3"
  resolved "https://registry.yarnpkg.com/almond/-/almond-0.3.3.tgz#a0e7c95ac7624d6417b4494b1e68bff693168a20"
  integrity sha1-oOfJWsdiTWQXtElLHmi/9pMWiiA=

datatables.net-bs@1.10.13:
  version "1.10.13"
  resolved "https://registry.yarnpkg.com/datatables.net-bs/-/datatables.net-bs-1.10.13.tgz#794ab40a21afdf8b40ff762f7ea9a06ead9f8a2c"
  integrity sha1-eUq0CiGv34tA/3Yvfqmgbq2fiiw=
  dependencies:
    datatables.net ">=1.10.9"
    jquery ">=1.7"

datatables.net@1.10.13:
  version "1.10.13"
  resolved "https://registry.yarnpkg.com/datatables.net/-/datatables.net-1.10.13.tgz#6ac584ba6fc2dff1195e5c66d3e3b051a4b52b96"
  integrity sha1-asWEum/C3/EZXlxm0+OwUaS1K5Y=
  dependencies:
    jquery ">=1.7"

datatables.net@>=1.10.9:
  version "1.10.20"
  resolved "https://registry.yarnpkg.com/datatables.net/-/datatables.net-1.10.20.tgz#9d65ecc3c83cbe7baa4fa5a053405c8fe42c1350"
  integrity sha512-4E4S7tTU607N3h0fZPkGmAtr9mwy462u+VJ6gxYZ8MxcRIjZqHy3Dv1GNry7i3zQCktTdWbULVKBbkAJkuHEnQ==
  dependencies:
    jquery ">=1.7"

define-properties@^1.1.3:
  version "1.1.3"
  resolved "https://registry.yarnpkg.com/define-properties/-/define-properties-1.1.3.tgz#cf88da6cbee26fe6db7094f61d870cbd84cee9f1"
  integrity sha512-3MqfYKj2lLzdMSf8ZIZE/V+Zuy+BgD6f164e8K2w7dgnpKArBDerGYpM46IYYcjnkdPNMjPk9A6VFB8+3SKlXQ==
  dependencies:
    object-keys "^1.0.12"

desandro-matches-selector@^2.0.0:
  version "2.0.2"
  resolved "https://registry.yarnpkg.com/desandro-matches-selector/-/desandro-matches-selector-2.0.2.tgz#717beed4dc13e7d8f3762f707a6d58a6774218e1"
  integrity sha1-cXvu1NwT59jzdi9wem1YpndCGOE=

es-abstract@^1.12.0:
  version "1.15.0"
  resolved "https://registry.yarnpkg.com/es-abstract/-/es-abstract-1.15.0.tgz#8884928ec7e40a79e3c9bc812d37d10c8b24cc57"
  integrity sha512-bhkEqWJ2t2lMeaJDuk7okMkJWI/yqgH/EoGwpcvv0XW9RWQsRspI4wt6xuyuvMvvQE3gg/D9HXppgk21w78GyQ==
  dependencies:
    es-to-primitive "^1.2.0"
    function-bind "^1.1.1"
    has "^1.0.3"
    has-symbols "^1.0.0"
    is-callable "^1.1.4"
    is-regex "^1.0.4"
    object-inspect "^1.6.0"
    object-keys "^1.1.1"
    string.prototype.trimleft "^2.1.0"
    string.prototype.trimright "^2.1.0"

es-to-primitive@^1.2.0:
  version "1.2.0"
  resolved "https://registry.yarnpkg.com/es-to-primitive/-/es-to-primitive-1.2.0.tgz#edf72478033456e8dda8ef09e00ad9650707f377"
  integrity sha512-qZryBOJjV//LaxLTV6UC//WewneB3LcXOL9NP++ozKVXsIIIpm/2c13UDiD9Jp2eThsecw9m3jPqDwTyobcdbg==
  dependencies:
    is-callable "^1.1.4"
    is-date-object "^1.0.1"
    is-symbol "^1.0.2"

ev-emitter@^1.0.0:
  version "1.1.1"
  resolved "https://registry.yarnpkg.com/ev-emitter/-/ev-emitter-1.1.1.tgz#8f18b0ce5c76a5d18017f71c0a795c65b9138f2a"
  integrity sha512-ipiDYhdQSCZ4hSbX4rMW+XzNKMD1prg/sTvoVmSLkuQ1MVlwjJQQA+sW8tMYR3BLUr9KjodFV4pvzunvRhd33Q==

fizzy-ui-utils@^2.0.0:
  version "2.0.7"
  resolved "https://registry.yarnpkg.com/fizzy-ui-utils/-/fizzy-ui-utils-2.0.7.tgz#7df45dcc4eb374a08b65d39bb9a4beedf7330505"
  integrity sha512-CZXDVXQ1If3/r8s0T+v+qVeMshhfcuq0rqIFgJnrtd+Bu8GmDmqMjntjUePypVtjHXKJ6V4sw9zeyox34n9aCg==
  dependencies:
    desandro-matches-selector "^2.0.0"

formatio@1.1.1:
  version "1.1.1"
  resolved "https://registry.yarnpkg.com/formatio/-/formatio-1.1.1.tgz#5ed3ccd636551097383465d996199100e86161e9"
  integrity sha1-XtPM1jZVEJc4NGXZlhmRAOhhYek=
  dependencies:
    samsam "~1.1"

function-bind@^1.1.1:
  version "1.1.1"
  resolved "https://registry.yarnpkg.com/function-bind/-/function-bind-1.1.1.tgz#a56899d3ea3c9bab874bb9773b7c5ede92f4895d"
  integrity sha512-yIovAzMX49sF8Yl58fSCWJ5svSLuaibPxXQJFLmBObTuCr0Mf1KiPopGM9NiFjiYBCbfaa2Fh6breQ6ANVTI0A==

get-size@^2.0.2:
  version "2.0.3"
  resolved "https://registry.yarnpkg.com/get-size/-/get-size-2.0.3.tgz#54a1d0256b20ea7ac646516756202769941ad2ef"
  integrity sha512-lXNzT/h/dTjTxRbm9BXb+SGxxzkm97h/PCIKtlN/CBCxxmkkIVV21udumMS93MuVTDX583gqc94v3RjuHmI+2Q==

has-symbols@^1.0.0:
  version "1.0.0"
  resolved "https://registry.yarnpkg.com/has-symbols/-/has-symbols-1.0.0.tgz#ba1a8f1af2a0fc39650f5c850367704122063b44"
  integrity sha1-uhqPGvKg/DllD1yFA2dwQSIGO0Q=

has@^1.0.1, has@^1.0.3:
  version "1.0.3"
  resolved "https://registry.yarnpkg.com/has/-/has-1.0.3.tgz#722d7cbfc1f6aa8241f16dd814e011e1f41e8796"
  integrity sha512-f2dvO0VU6Oej7RkWJGrehjbzMAjFp5/VKPp5tTpWIV4JHHZK1/BxbFRtf/siA2SWTe09caDmVtYYzWEIbBS4zw==
  dependencies:
    function-bind "^1.1.1"

inherits@^2.0.3:
  version "2.0.4"
  resolved "https://registry.yarnpkg.com/inherits/-/inherits-2.0.4.tgz#0fa2c64f932917c3433a0ded55363aae37416b7c"
  integrity sha512-k/vGaX4/Yla3WzyMCvTQOXYeIHvqOKtnqBduzTHpzpQZzAskKMhZ2K+EnBiSM9zGSoIFeMpXKxa4dYeZIQqewQ==

is-arguments@^1.0.4:
  version "1.0.4"
  resolved "https://registry.yarnpkg.com/is-arguments/-/is-arguments-1.0.4.tgz#3faf966c7cba0ff437fb31f6250082fcf0448cf3"
  integrity sha512-xPh0Rmt8NE65sNzvyUmWgI1tz3mKq74lGA0mL8LYZcoIzKOzDh6HmrYm3d18k60nHerC8A9Km8kYu87zfSFnLA==

is-callable@^1.1.4:
  version "1.1.4"
  resolved "https://registry.yarnpkg.com/is-callable/-/is-callable-1.1.4.tgz#1e1adf219e1eeb684d691f9d6a05ff0d30a24d75"
  integrity sha512-r5p9sxJjYnArLjObpjA4xu5EKI3CuKHkJXMhT7kwbpUyIFD1n5PMAsoPvWnvtZiNz7LjkYDRZhd7FlI0eMijEA==

is-date-object@^1.0.1:
  version "1.0.1"
  resolved "https://registry.yarnpkg.com/is-date-object/-/is-date-object-1.0.1.tgz#9aa20eb6aeebbff77fbd33e74ca01b33581d3a16"
  integrity sha1-mqIOtq7rv/d/vTPnTKAbM1gdOhY=

is-generator-function@^1.0.7:
  version "1.0.7"
  resolved "https://registry.yarnpkg.com/is-generator-function/-/is-generator-function-1.0.7.tgz#d2132e529bb0000a7f80794d4bdf5cd5e5813522"
  integrity sha512-YZc5EwyO4f2kWCax7oegfuSr9mFz1ZvieNYBEjmukLxgXfBUbxAWGVF7GZf0zidYtoBl3WvC07YK0wT76a+Rtw==

is-regex@^1.0.4:
  version "1.0.4"
  resolved "https://registry.yarnpkg.com/is-regex/-/is-regex-1.0.4.tgz#5517489b547091b0930e095654ced25ee97e9491"
  integrity sha1-VRdIm1RwkbCTDglWVM7SXul+lJE=
  dependencies:
    has "^1.0.1"

is-symbol@^1.0.2:
  version "1.0.2"
  resolved "https://registry.yarnpkg.com/is-symbol/-/is-symbol-1.0.2.tgz#a055f6ae57192caee329e7a860118b497a950f38"
  integrity sha512-HS8bZ9ox60yCJLH9snBpIwv9pYUAkcuLhSA1oero1UB5y9aiQpRA8y2ex945AOtCZL1lJDeIk3G5LthswI46Lw==
  dependencies:
    has-symbols "^1.0.0"

jquery-mousewheel@~3.1.13:
  version "3.1.13"
  resolved "https://registry.yarnpkg.com/jquery-mousewheel/-/jquery-mousewheel-3.1.13.tgz#06f0335f16e353a695e7206bf50503cb523a6ee5"
  integrity sha1-BvAzXxbjU6aV5yBr9QUDy1I6buU=

jquery@>=1.7:
  version "3.4.1"
  resolved "https://registry.yarnpkg.com/jquery/-/jquery-3.4.1.tgz#714f1f8d9dde4bdfa55764ba37ef214630d80ef2"
  integrity sha512-36+AdBzCL+y6qjw5Tx7HgzeGCzC81MDDgaUP8ld2zhx58HdqXGoBd+tHdrBMiyjGQs0Hxs/MLZTu/eHNJJuWPw==

lolex@1.3.2:
  version "1.3.2"
  resolved "https://registry.yarnpkg.com/lolex/-/lolex-1.3.2.tgz#7c3da62ffcb30f0f5a80a2566ca24e45d8a01f31"
  integrity sha1-fD2mL/yzDw9agKJWbKJORdigHzE=

markerclustererplus@2.1.4:
  version "2.1.4"
  resolved "https://registry.yarnpkg.com/markerclustererplus/-/markerclustererplus-2.1.4.tgz#901225180dd5d5fc0827753a18eee35afcf9c4f7"
  integrity sha1-kBIlGA3V1fwIJ3U6GO7jWvz5xPc=

masonry-layout@4.1.1:
  version "4.1.1"
  resolved "https://registry.yarnpkg.com/masonry-layout/-/masonry-layout-4.1.1.tgz#e8c8c6f5a9e621a75203ac4b7000855a36f6753e"
  integrity sha1-6MjG9anmIadSA6xLcACFWjb2dT4=
  dependencies:
    get-size "^2.0.2"
    outlayer "^2.1.0"

object-inspect@^1.6.0:
  version "1.6.0"
  resolved "https://registry.yarnpkg.com/object-inspect/-/object-inspect-1.6.0.tgz#c70b6cbf72f274aab4c34c0c82f5167bf82cf15b"
  integrity sha512-GJzfBZ6DgDAmnuaM3104jR4s1Myxr3Y3zfIyN4z3UdqN69oSRacNK8UhnobDdC+7J2AHCjGwxQubNJfE70SXXQ==

object-keys@^1.0.12, object-keys@^1.1.1:
  version "1.1.1"
  resolved "https://registry.yarnpkg.com/object-keys/-/object-keys-1.1.1.tgz#1c47f272df277f3b1daf061677d9c82e2322c60e"
  integrity sha512-NuAESUOUMrlIXOfHKzD6bpPu3tYt3xvjNdRIQ+FeT0lNb4K8WR70CaDxhuNguS2XG+GjkyMwOzsN5ZktImfhLA==

object.entries@^1.1.0:
  version "1.1.0"
  resolved "https://registry.yarnpkg.com/object.entries/-/object.entries-1.1.0.tgz#2024fc6d6ba246aee38bdb0ffd5cfbcf371b7519"
  integrity sha512-l+H6EQ8qzGRxbkHOd5I/aHRhHDKoQXQ8g0BYt4uSweQU1/J6dZUOyWh9a2Vky35YCKjzmgxOzta2hH6kf9HuXA==
  dependencies:
    define-properties "^1.1.3"
    es-abstract "^1.12.0"
    function-bind "^1.1.1"
    has "^1.0.3"

outlayer@^2.1.0:
  version "2.1.1"
  resolved "https://registry.yarnpkg.com/outlayer/-/outlayer-2.1.1.tgz#29863b6de10ea5dadfffcadfa0d728907387e9a2"
  integrity sha1-KYY7beEOpdrf/8rfoNcokHOH6aI=
  dependencies:
    ev-emitter "^1.0.0"
    fizzy-ui-utils "^2.0.0"
    get-size "^2.0.2"

safe-buffer@^5.1.2:
  version "5.2.0"
  resolved "https://registry.yarnpkg.com/safe-buffer/-/safe-buffer-5.2.0.tgz#b74daec49b1148f88c64b68d49b1e815c1f2f519"
  integrity sha512-fZEwUGbVl7kouZs1jCdMLdt95hdIv0ZeHg6L7qPeciMZhZ+/gdesW4wgTARkrFWEpspjEATAzUGPG8N2jJiwbg==

samsam@1.1.2:
  version "1.1.2"
  resolved "https://registry.yarnpkg.com/samsam/-/samsam-1.1.2.tgz#bec11fdc83a9fda063401210e40176c3024d1567"
  integrity sha1-vsEf3IOp/aBjQBIQ5AF2wwJNFWc=

samsam@~1.1:
  version "1.1.3"
  resolved "https://registry.yarnpkg.com/samsam/-/samsam-1.1.3.tgz#9f5087419b4d091f232571e7fa52e90b0f552621"
  integrity sha1-n1CHQZtNCR8jJXHn+lLpCw9VJiE=

select2@4.0.3:
  version "4.0.3"
  resolved "https://registry.yarnpkg.com/select2/-/select2-4.0.3.tgz#207733fe91eacb9cb1a13f12463401f472449e0f"
  integrity sha1-IHcz/pHqy5yxoT8SRjQB9HJEng8=
  dependencies:
    almond "~0.3.1"
    jquery-mousewheel "~3.1.13"

sinon@1.17.1:
  version "1.17.1"
  resolved "https://registry.yarnpkg.com/sinon/-/sinon-1.17.1.tgz#cdf837485c9014de176268f46de61bd24602c3dd"
  integrity sha1-zfg3SFyQFN4XYmj0beYb0kYCw90=
  dependencies:
    formatio "1.1.1"
    lolex "1.3.2"
    samsam "1.1.2"
    util ">=0.10.3 <1"

string.prototype.trimleft@^2.1.0:
  version "2.1.0"
  resolved "https://registry.yarnpkg.com/string.prototype.trimleft/-/string.prototype.trimleft-2.1.0.tgz#6cc47f0d7eb8d62b0f3701611715a3954591d634"
  integrity sha512-FJ6b7EgdKxxbDxc79cOlok6Afd++TTs5szo+zJTUyow3ycrRfJVE2pq3vcN53XexvKZu/DJMDfeI/qMiZTrjTw==
  dependencies:
    define-properties "^1.1.3"
    function-bind "^1.1.1"

string.prototype.trimright@^2.1.0:
  version "2.1.0"
  resolved "https://registry.yarnpkg.com/string.prototype.trimright/-/string.prototype.trimright-2.1.0.tgz#669d164be9df9b6f7559fa8e89945b168a5a6c58"
  integrity sha512-fXZTSV55dNBwv16uw+hh5jkghxSnc5oHq+5K/gXgizHwAvMetdAJlHqqoFC1FSDVPYWLkAKl2cxpUT41sV7nSg==
  dependencies:
    define-properties "^1.1.3"
    function-bind "^1.1.1"

"util@>=0.10.3 <1":
  version "0.12.1"
  resolved "https://registry.yarnpkg.com/util/-/util-0.12.1.tgz#f908e7b633e7396c764e694dd14e716256ce8ade"
  integrity sha512-MREAtYOp+GTt9/+kwf00IYoHZyjM8VU4aVrkzUlejyqaIjd2GztVl5V9hGXKlvBKE3gENn/FMfHE5v6hElXGcQ==
  dependencies:
    inherits "^2.0.3"
    is-arguments "^1.0.4"
    is-generator-function "^1.0.7"
    object.entries "^1.1.0"
    safe-buffer "^5.1.2"
